<?xml version="1.0" encoding="UTF-8"?>
<Scheme
   version = "1.3">
   <BuildAction>
      <BuildActionEntries>
         <BuildActionEntry
            buildForRunning = "YES">
            <BuildableReference
               BuildableIdentifier = "primary"
               BlueprintIdentifier = "9B1F45D9202C710200BAF877"
               BuildableName = "OpenGL ES.app"
               BlueprintName = "OpenGL ES"
               ReferencedContainer = "container:OpenGL ES.xcodeproj">
            </BuildableReference>
         </BuildActionEntry>
      </BuildActionEntries>
   </BuildAction>
   <LaunchAction
      useCustomWorkingDirectory = "NO"
      buildConfiguration = "Debug">
      <BuildableProductRunnable>
         <BuildableReference
            BuildableIdentifier = "primary"
            BlueprintIdentifier = "9B1F45D9202C710200BAF877"
            BuildableName = "OpenGL ES.app"
            BlueprintName = "OpenGL ES"
            ReferencedContainer = "container:OpenGL ES.xcodeproj">
         </BuildableReference>
      </BuildableProductRunnable>
   </LaunchAction>
</Scheme>
