// !$*UTF8*$!
{
	archiveVersion = 1;
	classes = {
	};
	objectVersion = 48;
	objects = {

/* Begin PBXBuildFile section */
		68B4D1624E47D4D44BC66A6B /* OpenGLView.m in Sources */ = {isa = PBXBuildFile; fileRef = 68B4D7A6A2653BBEDD125CC4 /* OpenGLView.m */; };
		68B4D242761E7167ADF9D563 /* GLTutorial01Controller.m in Sources */ = {isa = PBXBuildFile; fileRef = 68B4D0DA64026C617168DC70 /* GLTutorial01Controller.m */; };
		68B4D579E1068513E7FDA837 /* GLNavigationController.m in Sources */ = {isa = PBXBuildFile; fileRef = 68B4D47C95BFD05BBA7CD5B6 /* GLNavigationController.m */; };
		68B4D62C17F1553D2D9C0271 /* GLMainController.m in Sources */ = {isa = PBXBuildFile; fileRef = 68B4D0F6887316ECC5DB2B18 /* GLMainController.m */; };
		9B1F45DF202C710200BAF877 /* AppDelegate.m in Sources */ = {isa = PBXBuildFile; fileRef = 9B1F45DE202C710200BAF877 /* AppDelegate.m */; };
		9B1F45E7202C710200BAF877 /* Assets.xcassets in Resources */ = {isa = PBXBuildFile; fileRef = 9B1F45E6202C710200BAF877 /* Assets.xcassets */; };
		9B1F45ED202C710200BAF877 /* main.m in Sources */ = {isa = PBXBuildFile; fileRef = 9B1F45EC202C710200BAF877 /* main.m */; };
		9B1F45F5202C712D00BAF877 /* OpenGLES.framework in Frameworks */ = {isa = PBXBuildFile; fileRef = 9B1F45F4202C712D00BAF877 /* OpenGLES.framework */; };
		9B1F45FA202C73ED00BAF877 /* UIKit.framework in Frameworks */ = {isa = PBXBuildFile; fileRef = 9B1F45F9202C73ED00BAF877 /* UIKit.framework */; };
		9B1F45FC202C740100BAF877 /* QuartzCore.framework in Frameworks */ = {isa = PBXBuildFile; fileRef = 9B1F45FB202C740000BAF877 /* QuartzCore.framework */; };
		9BA73DB9203A6AED00C9ECEC /* OpenGLView_02_Ctrlbar.m in Sources */ = {isa = PBXBuildFile; fileRef = 9BA73DB8203A6AED00C9ECEC /* OpenGLView_02_Ctrlbar.m */; };
		9BA73DC1203A6BC000C9ECEC /* OpenGLView_02_CtrlLabel.m in Sources */ = {isa = PBXBuildFile; fileRef = 9BA73DC0203A6BC000C9ECEC /* OpenGLView_02_CtrlLabel.m */; };
		9BA73DC4203A785100C9ECEC /* OpenGLView_02_Surface.xib in Resources */ = {isa = PBXBuildFile; fileRef = 9BA73DC3203A785100C9ECEC /* OpenGLView_02_Surface.xib */; };
		9BBC445D203BAE2E0085F85A /* OpenGLView_02_Surface.m in Sources */ = {isa = PBXBuildFile; fileRef = 9BBC445C203BAE2E0085F85A /* OpenGLView_02_Surface.m */; };
		9BBC4462203BBBF40085F85A /* ksMatrix.c in Sources */ = {isa = PBXBuildFile; fileRef = 9BBC445E203BBBF40085F85A /* ksMatrix.c */; };
		9BBC4463203BBBF40085F85A /* ksVector.c in Sources */ = {isa = PBXBuildFile; fileRef = 9BBC4461203BBBF40085F85A /* ksVector.c */; };
		9BBC4466203C22710085F85A /* OpenGLView_02_Bak.m in Sources */ = {isa = PBXBuildFile; fileRef = 9BBC4465203C22710085F85A /* OpenGLView_02_Bak.m */; };
		9BC293012033E5DE0005FEE9 /* VertexShader.glsl in Resources */ = {isa = PBXBuildFile; fileRef = 9BC293002033E5DE0005FEE9 /* VertexShader.glsl */; };
		9BC293032033E6340005FEE9 /* FragmentShader.glsl in Resources */ = {isa = PBXBuildFile; fileRef = 9BC293022033E6340005FEE9 /* FragmentShader.glsl */; };
		9BC293062033EE1D0005FEE9 /* GLESUtils.m in Sources */ = {isa = PBXBuildFile; fileRef = 9BC293052033EE1D0005FEE9 /* GLESUtils.m */; };
		9BC29309203434350005FEE9 /* GLTutorial02Controller.m in Sources */ = {isa = PBXBuildFile; fileRef = 9BC29308203434350005FEE9 /* GLTutorial02Controller.m */; };
/* End PBXBuildFile section */

/* Begin PBXFileReference section */
		68B4D04E51D39B6898DBFB39 /* GLMainController.h */ = {isa = PBXFileReference; fileEncoding = 4; lastKnownFileType = sourcecode.c.h; path = GLMainController.h; sourceTree = "<group>"; };
		68B4D0DA64026C617168DC70 /* GLTutorial01Controller.m */ = {isa = PBXFileReference; fileEncoding = 4; lastKnownFileType = sourcecode.c.objc; path = GLTutorial01Controller.m; sourceTree = "<group>"; };
		68B4D0F6887316ECC5DB2B18 /* GLMainController.m */ = {isa = PBXFileReference; fileEncoding = 4; lastKnownFileType = sourcecode.c.objc; path = GLMainController.m; sourceTree = "<group>"; };
		68B4D47C95BFD05BBA7CD5B6 /* GLNavigationController.m */ = {isa = PBXFileReference; fileEncoding = 4; lastKnownFileType = sourcecode.c.objc; path = GLNavigationController.m; sourceTree = "<group>"; };
		68B4D4D0764F27DB6BD21E4B /* GL02TutorialViewProtocol.h */ = {isa = PBXFileReference; fileEncoding = 4; lastKnownFileType = sourcecode.c.h; path = GL02TutorialViewProtocol.h; sourceTree = "<group>"; };
		68B4D7A6A2653BBEDD125CC4 /* OpenGLView.m */ = {isa = PBXFileReference; fileEncoding = 4; lastKnownFileType = sourcecode.c.objc; path = OpenGLView.m; sourceTree = "<group>"; };
		68B4DA5DEBB61CEDE7D83756 /* GLTutorial01Controller.h */ = {isa = PBXFileReference; fileEncoding = 4; lastKnownFileType = sourcecode.c.h; path = GLTutorial01Controller.h; sourceTree = "<group>"; };
		68B4DB810707281BBFC4705E /* OpenGLView.h */ = {isa = PBXFileReference; fileEncoding = 4; lastKnownFileType = sourcecode.c.h; path = OpenGLView.h; sourceTree = "<group>"; };
		68B4DD2E14AEEA3B466A6144 /* GLNavigationController.h */ = {isa = PBXFileReference; fileEncoding = 4; lastKnownFileType = sourcecode.c.h; path = GLNavigationController.h; sourceTree = "<group>"; };
		9B1F45DA202C710200BAF877 /* OpenGL ES.app */ = {isa = PBXFileReference; explicitFileType = wrapper.application; includeInIndex = 0; path = "OpenGL ES.app"; sourceTree = BUILT_PRODUCTS_DIR; };
		9B1F45DD202C710200BAF877 /* AppDelegate.h */ = {isa = PBXFileReference; lastKnownFileType = sourcecode.c.h; path = AppDelegate.h; sourceTree = "<group>"; };
		9B1F45DE202C710200BAF877 /* AppDelegate.m */ = {isa = PBXFileReference; lastKnownFileType = sourcecode.c.objc; path = AppDelegate.m; sourceTree = "<group>"; };
		9B1F45E6202C710200BAF877 /* Assets.xcassets */ = {isa = PBXFileReference; lastKnownFileType = folder.assetcatalog; path = Assets.xcassets; sourceTree = "<group>"; };
		9B1F45EB202C710200BAF877 /* Info.plist */ = {isa = PBXFileReference; lastKnownFileType = text.plist.xml; path = Info.plist; sourceTree = "<group>"; };
		9B1F45EC202C710200BAF877 /* main.m */ = {isa = PBXFileReference; lastKnownFileType = sourcecode.c.objc; path = main.m; sourceTree = "<group>"; };
		9B1F45F4202C712D00BAF877 /* OpenGLES.framework */ = {isa = PBXFileReference; lastKnownFileType = wrapper.framework; name = OpenGLES.framework; path = System/Library/Frameworks/OpenGLES.framework; sourceTree = SDKROOT; };
		9B1F45F9202C73ED00BAF877 /* UIKit.framework */ = {isa = PBXFileReference; lastKnownFileType = wrapper.framework; name = UIKit.framework; path = System/Library/Frameworks/UIKit.framework; sourceTree = SDKROOT; };
		9B1F45FB202C740000BAF877 /* QuartzCore.framework */ = {isa = PBXFileReference; lastKnownFileType = wrapper.framework; name = QuartzCore.framework; path = System/Library/Frameworks/QuartzCore.framework; sourceTree = SDKROOT; };
		9BA73DB7203A6AED00C9ECEC /* OpenGLView_02_Ctrlbar.h */ = {isa = PBXFileReference; lastKnownFileType = sourcecode.c.h; path = OpenGLView_02_Ctrlbar.h; sourceTree = "<group>"; };
		9BA73DB8203A6AED00C9ECEC /* OpenGLView_02_Ctrlbar.m */ = {isa = PBXFileReference; lastKnownFileType = sourcecode.c.objc; path = OpenGLView_02_Ctrlbar.m; sourceTree = "<group>"; };
		9BA73DBF203A6BC000C9ECEC /* OpenGLView_02_CtrlLabel.h */ = {isa = PBXFileReference; lastKnownFileType = sourcecode.c.h; path = OpenGLView_02_CtrlLabel.h; sourceTree = "<group>"; };
		9BA73DC0203A6BC000C9ECEC /* OpenGLView_02_CtrlLabel.m */ = {isa = PBXFileReference; lastKnownFileType = sourcecode.c.objc; path = OpenGLView_02_CtrlLabel.m; sourceTree = "<group>"; };
		9BA73DC3203A785100C9ECEC /* OpenGLView_02_Surface.xib */ = {isa = PBXFileReference; lastKnownFileType = file.xib; path = OpenGLView_02_Surface.xib; sourceTree = "<group>"; };
		9BBC445B203BAE2E0085F85A /* OpenGLView_02_Surface.h */ = {isa = PBXFileReference; lastKnownFileType = sourcecode.c.h; path = OpenGLView_02_Surface.h; sourceTree = "<group>"; };
		9BBC445C203BAE2E0085F85A /* OpenGLView_02_Surface.m */ = {isa = PBXFileReference; lastKnownFileType = sourcecode.c.objc; path = OpenGLView_02_Surface.m; sourceTree = "<group>"; };
		9BBC445E203BBBF40085F85A /* ksMatrix.c */ = {isa = PBXFileReference; fileEncoding = 4; lastKnownFileType = sourcecode.c.c; path = ksMatrix.c; sourceTree = "<group>"; };
		9BBC445F203BBBF40085F85A /* ksMatrix.h */ = {isa = PBXFileReference; fileEncoding = 4; lastKnownFileType = sourcecode.c.h; path = ksMatrix.h; sourceTree = "<group>"; };
		9BBC4460203BBBF40085F85A /* ksVector.h */ = {isa = PBXFileReference; fileEncoding = 4; lastKnownFileType = sourcecode.c.h; path = ksVector.h; sourceTree = "<group>"; };
		9BBC4461203BBBF40085F85A /* ksVector.c */ = {isa = PBXFileReference; fileEncoding = 4; lastKnownFileType = sourcecode.c.c; path = ksVector.c; sourceTree = "<group>"; };
		9BBC4464203C22710085F85A /* OpenGLView_02_Bak.h */ = {isa = PBXFileReference; lastKnownFileType = sourcecode.c.h; path = OpenGLView_02_Bak.h; sourceTree = "<group>"; };
		9BBC4465203C22710085F85A /* OpenGLView_02_Bak.m */ = {isa = PBXFileReference; lastKnownFileType = sourcecode.c.objc; path = OpenGLView_02_Bak.m; sourceTree = "<group>"; };
		9BC293002033E5DE0005FEE9 /* VertexShader.glsl */ = {isa = PBXFileReference; lastKnownFileType = text; path = VertexShader.glsl; sourceTree = "<group>"; };
		9BC293022033E6340005FEE9 /* FragmentShader.glsl */ = {isa = PBXFileReference; lastKnownFileType = text; path = FragmentShader.glsl; sourceTree = "<group>"; };
		9BC293042033EE1D0005FEE9 /* GLESUtils.h */ = {isa = PBXFileReference; fileEncoding = 4; lastKnownFileType = sourcecode.c.h; path = GLESUtils.h; sourceTree = "<group>"; };
		9BC293052033EE1D0005FEE9 /* GLESUtils.m */ = {isa = PBXFileReference; fileEncoding = 4; lastKnownFileType = sourcecode.c.objc; path = GLESUtils.m; sourceTree = "<group>"; };
		9BC29307203434350005FEE9 /* GLTutorial02Controller.h */ = {isa = PBXFileReference; lastKnownFileType = sourcecode.c.h; path = GLTutorial02Controller.h; sourceTree = "<group>"; };
		9BC29308203434350005FEE9 /* GLTutorial02Controller.m */ = {isa = PBXFileReference; lastKnownFileType = sourcecode.c.objc; path = GLTutorial02Controller.m; sourceTree = "<group>"; };
/* End PBXFileReference section */

/* Begin PBXFrameworksBuildPhase section */
		9B1F45D7202C710200BAF877 /* Frameworks */ = {
			isa = PBXFrameworksBuildPhase;
			buildActionMask = 2147483647;
			files = (
				9B1F45FC202C740100BAF877 /* QuartzCore.framework in Frameworks */,
				9B1F45FA202C73ED00BAF877 /* UIKit.framework in Frameworks */,
				9B1F45F5202C712D00BAF877 /* OpenGLES.framework in Frameworks */,
			);
			runOnlyForDeploymentPostprocessing = 0;
		};
/* End PBXFrameworksBuildPhase section */

/* Begin PBXGroup section */
		68B4D0192326D4D9D60D1D48 /* Tutorial01 */ = {
			isa = PBXGroup;
			children = (
				68B4D0DA64026C617168DC70 /* GLTutorial01Controller.m */,
				68B4DA5DEBB61CEDE7D83756 /* GLTutorial01Controller.h */,
			);
			path = Tutorial01;
			sourceTree = "<group>";
		};
		68B4D22CF5556BF5AB3648A2 /* Controller */ = {
			isa = PBXGroup;
			children = (
				68B4D47C95BFD05BBA7CD5B6 /* GLNavigationController.m */,
				68B4DD2E14AEEA3B466A6144 /* GLNavigationController.h */,
				68B4D0F6887316ECC5DB2B18 /* GLMainController.m */,
				68B4D04E51D39B6898DBFB39 /* GLMainController.h */,
			);
			path = Controller;
			sourceTree = "<group>";
		};
		68B4D3B5F31E07C5B7AE9C18 /* 01 */ = {
			isa = PBXGroup;
			children = (
				68B4DB810707281BBFC4705E /* OpenGLView.h */,
				68B4D7A6A2653BBEDD125CC4 /* OpenGLView.m */,
			);
			name = 01;
			sourceTree = "<group>";
		};
		68B4D94D4C3D37A5A4AB9530 /* View */ = {
			isa = PBXGroup;
			children = (
				9BA73DBB203A6B0600C9ECEC /* 02 */,
				68B4D3B5F31E07C5B7AE9C18 /* 01 */,
			);
			path = View;
			sourceTree = "<group>";
		};
		68B4DC236FFED913E3DA45BD /* Entity */ = {
			isa = PBXGroup;
			children = (
				9BBC445E203BBBF40085F85A /* ksMatrix.c */,
				9BBC445F203BBBF40085F85A /* ksMatrix.h */,
				9BBC4461203BBBF40085F85A /* ksVector.c */,
				9BBC4460203BBBF40085F85A /* ksVector.h */,
				9BC293042033EE1D0005FEE9 /* GLESUtils.h */,
				9BC293052033EE1D0005FEE9 /* GLESUtils.m */,
			);
			path = Entity;
			sourceTree = "<group>";
		};
		68B4DF549549618AC1EFC935 /* Classes */ = {
			isa = PBXGroup;
			children = (
				9BC292FF2033E5B30005FEE9 /* Tutorial02 */,
				68B4D94D4C3D37A5A4AB9530 /* View */,
				68B4D22CF5556BF5AB3648A2 /* Controller */,
				68B4D0192326D4D9D60D1D48 /* Tutorial01 */,
				68B4DC236FFED913E3DA45BD /* Entity */,
			);
			path = Classes;
			sourceTree = "<group>";
		};
		9B1F45D1202C710200BAF877 = {
			isa = PBXGroup;
			children = (
				9B1F45DC202C710200BAF877 /* OpenGL ES */,
				9B1F45DB202C710200BAF877 /* Products */,
				9B1F45F3202C712D00BAF877 /* Frameworks */,
			);
			sourceTree = "<group>";
		};
		9B1F45DB202C710200BAF877 /* Products */ = {
			isa = PBXGroup;
			children = (
				9B1F45DA202C710200BAF877 /* OpenGL ES.app */,
			);
			name = Products;
			sourceTree = "<group>";
		};
		9B1F45DC202C710200BAF877 /* OpenGL ES */ = {
			isa = PBXGroup;
			children = (
				9B1F45DD202C710200BAF877 /* AppDelegate.h */,
				9B1F45DE202C710200BAF877 /* AppDelegate.m */,
				9B1F45E6202C710200BAF877 /* Assets.xcassets */,
				9B1F45EB202C710200BAF877 /* Info.plist */,
				9B1F45EC202C710200BAF877 /* main.m */,
				68B4DF549549618AC1EFC935 /* Classes */,
			);
			path = "OpenGL ES";
			sourceTree = "<group>";
		};
		9B1F45F3202C712D00BAF877 /* Frameworks */ = {
			isa = PBXGroup;
			children = (
				9B1F45FB202C740000BAF877 /* QuartzCore.framework */,
				9B1F45F9202C73ED00BAF877 /* UIKit.framework */,
				9B1F45F4202C712D00BAF877 /* OpenGLES.framework */,
			);
			name = Frameworks;
			sourceTree = "<group>";
		};
		9BA73DBB203A6B0600C9ECEC /* 02 */ = {
			isa = PBXGroup;
			children = (
				9BA73DB7203A6AED00C9ECEC /* OpenGLView_02_Ctrlbar.h */,
				9BA73DB8203A6AED00C9ECEC /* OpenGLView_02_Ctrlbar.m */,
				9BA73DBF203A6BC000C9ECEC /* OpenGLView_02_CtrlLabel.h */,
				9BA73DC0203A6BC000C9ECEC /* OpenGLView_02_CtrlLabel.m */,
				9BA73DC3203A785100C9ECEC /* OpenGLView_02_Surface.xib */,
				9BBC445B203BAE2E0085F85A /* OpenGLView_02_Surface.h */,
				9BBC445C203BAE2E0085F85A /* OpenGLView_02_Surface.m */,
				9BBC4464203C22710085F85A /* OpenGLView_02_Bak.h */,
				9BBC4465203C22710085F85A /* OpenGLView_02_Bak.m */,
			);
			name = 02;
			sourceTree = "<group>";
		};
		9BC292FF2033E5B30005FEE9 /* Tutorial02 */ = {
			isa = PBXGroup;
			children = (
				68B4D4D0764F27DB6BD21E4B /* GL02TutorialViewProtocol.h */,
				9BC29307203434350005FEE9 /* GLTutorial02Controller.h */,
				9BC29308203434350005FEE9 /* GLTutorial02Controller.m */,
				9BC293002033E5DE0005FEE9 /* VertexShader.glsl */,
				9BC293022033E6340005FEE9 /* FragmentShader.glsl */,
			);
			path = Tutorial02;
			sourceTree = "<group>";
		};
/* End PBXGroup section */

/* Begin PBXNativeTarget section */
		9B1F45D9202C710200BAF877 /* OpenGL ES */ = {
			isa = PBXNativeTarget;
			buildConfigurationList = 9B1F45F0202C710200BAF877 /* Build configuration list for PBXNativeTarget "OpenGL ES" */;
			buildPhases = (
				9B1F45D6202C710200BAF877 /* Sources */,
				9B1F45D7202C710200BAF877 /* Frameworks */,
				9B1F45D8202C710200BAF877 /* Resources */,
			);
			buildRules = (
			);
			dependencies = (
			);
			name = "OpenGL ES";
			productName = "OpenGL ES";
			productReference = 9B1F45DA202C710200BAF877 /* OpenGL ES.app */;
			productType = "com.apple.product-type.application";
		};
/* End PBXNativeTarget section */

/* Begin PBXProject section */
		9B1F45D2202C710200BAF877 /* Project object */ = {
			isa = PBXProject;
			attributes = {
				LastUpgradeCheck = 0920;
				ORGANIZATIONNAME = suger;
				TargetAttributes = {
					9B1F45D9202C710200BAF877 = {
						CreatedOnToolsVersion = 9.2;
						ProvisioningStyle = Automatic;
					};
				};
			};
			buildConfigurationList = 9B1F45D5202C710200BAF877 /* Build configuration list for PBXProject "OpenGL ES" */;
			compatibilityVersion = "Xcode 8.0";
			developmentRegion = en;
			hasScannedForEncodings = 0;
			knownRegions = (
				en,
				Base,
			);
			mainGroup = 9B1F45D1202C710200BAF877;
			productRefGroup = 9B1F45DB202C710200BAF877 /* Products */;
			projectDirPath = "";
			projectRoot = "";
			targets = (
				9B1F45D9202C710200BAF877 /* OpenGL ES */,
			);
		};
/* End PBXProject section */

/* Begin PBXResourcesBuildPhase section */
		9B1F45D8202C710200BAF877 /* Resources */ = {
			isa = PBXResourcesBuildPhase;
			buildActionMask = 2147483647;
			files = (
				9BC293012033E5DE0005FEE9 /* VertexShader.glsl in Resources */,
				9BC293032033E6340005FEE9 /* FragmentShader.glsl in Resources */,
				9B1F45E7202C710200BAF877 /* Assets.xcassets in Resources */,
				9BA73DC4203A785100C9ECEC /* OpenGLView_02_Surface.xib in Resources */,
			);
			runOnlyForDeploymentPostprocessing = 0;
		};
/* End PBXResourcesBuildPhase section */

/* Begin PBXSourcesBuildPhase section */
		9B1F45D6202C710200BAF877 /* Sources */ = {
			isa = PBXSourcesBuildPhase;
			buildActionMask = 2147483647;
			files = (
				9BBC4462203BBBF40085F85A /* ksMatrix.c in Sources */,
				9BC29309203434350005FEE9 /* GLTutorial02Controller.m in Sources */,
				9B1F45ED202C710200BAF877 /* main.m in Sources */,
				9BC293062033EE1D0005FEE9 /* GLESUtils.m in Sources */,
				9BBC445D203BAE2E0085F85A /* OpenGLView_02_Surface.m in Sources */,
				9B1F45DF202C710200BAF877 /* AppDelegate.m in Sources */,
				9BA73DB9203A6AED00C9ECEC /* OpenGLView_02_Ctrlbar.m in Sources */,
				68B4D579E1068513E7FDA837 /* GLNavigationController.m in Sources */,
				9BA73DC1203A6BC000C9ECEC /* OpenGLView_02_CtrlLabel.m in Sources */,
				68B4D62C17F1553D2D9C0271 /* GLMainController.m in Sources */,
				68B4D242761E7167ADF9D563 /* GLTutorial01Controller.m in Sources */,
				9BBC4463203BBBF40085F85A /* ksVector.c in Sources */,
				9BBC4466203C22710085F85A /* OpenGLView_02_Bak.m in Sources */,
				68B4D1624E47D4D44BC66A6B /* OpenGLView.m in Sources */,
			);
			runOnlyForDeploymentPostprocessing = 0;
		};
/* End PBXSourcesBuildPhase section */

/* Begin XCBuildConfiguration section */
		9B1F45EE202C710200BAF877 /* Debug */ = {
			isa = XCBuildConfiguration;
			buildSettings = {
				ALWAYS_SEARCH_USER_PATHS = NO;
				CLANG_ANALYZER_NONNULL = YES;
				CLANG_ANALYZER_NUMBER_OBJECT_CONVERSION = YES_AGGRESSIVE;
				CLANG_CXX_LANGUAGE_STANDARD = "gnu++14";
				CLANG_CXX_LIBRARY = "libc++";
				CLANG_ENABLE_MODULES = YES;
				CLANG_ENABLE_OBJC_ARC = YES;
				CLANG_WARN_BLOCK_CAPTURE_AUTORELEASING = YES;
				CLANG_WARN_BOOL_CONVERSION = YES;
				CLANG_WARN_COMMA = YES;
				CLANG_WARN_CONSTANT_CONVERSION = YES;
				CLANG_WARN_DIRECT_OBJC_ISA_USAGE = YES_ERROR;
				CLANG_WARN_DOCUMENTATION_COMMENTS = YES;
				CLANG_WARN_EMPTY_BODY = YES;
				CLANG_WARN_ENUM_CONVERSION = YES;
				CLANG_WARN_INFINITE_RECURSION = YES;
				CLANG_WARN_INT_CONVERSION = YES;
				CLANG_WARN_NON_LITERAL_NULL_CONVERSION = YES;
				CLANG_WARN_OBJC_LITERAL_CONVERSION = YES;
				CLANG_WARN_OBJC_ROOT_CLASS = YES_ERROR;
				CLANG_WARN_RANGE_LOOP_ANALYSIS = YES;
				CLANG_WARN_STRICT_PROTOTYPES = YES;
				CLANG_WARN_SUSPICIOUS_MOVE = YES;
				CLANG_WARN_UNGUARDED_AVAILABILITY = YES_AGGRESSIVE;
				CLANG_WARN_UNREACHABLE_CODE = YES;
				CLANG_WARN__DUPLICATE_METHOD_MATCH = YES;
				CODE_SIGN_IDENTITY = "iPhone Developer";
				COPY_PHASE_STRIP = NO;
				DEBUG_INFORMATION_FORMAT = dwarf;
				ENABLE_STRICT_OBJC_MSGSEND = YES;
				ENABLE_TESTABILITY = YES;
				GCC_C_LANGUAGE_STANDARD = gnu11;
				GCC_DYNAMIC_NO_PIC = NO;
				GCC_NO_COMMON_BLOCKS = YES;
				GCC_OPTIMIZATION_LEVEL = 0;
				GCC_PREPROCESSOR_DEFINITIONS = (
					"DEBUG=1",
					"$(inherited)",
				);
				GCC_WARN_64_TO_32_BIT_CONVERSION = YES;
				GCC_WARN_ABOUT_RETURN_TYPE = YES_ERROR;
				GCC_WARN_UNDECLARED_SELECTOR = YES;
				GCC_WARN_UNINITIALIZED_AUTOS = YES_AGGRESSIVE;
				GCC_WARN_UNUSED_FUNCTION = YES;
				GCC_WARN_UNUSED_VARIABLE = YES;
				IPHONEOS_DEPLOYMENT_TARGET = 11.2;
				MTL_ENABLE_DEBUG_INFO = YES;
				ONLY_ACTIVE_ARCH = YES;
				SDKROOT = iphoneos;
			};
			name = Debug;
		};
		9B1F45EF202C710200BAF877 /* Release */ = {
			isa = XCBuildConfiguration;
			buildSettings = {
				ALWAYS_SEARCH_USER_PATHS = NO;
				CLANG_ANALYZER_NONNULL = YES;
				CLANG_ANALYZER_NUMBER_OBJECT_CONVERSION = YES_AGGRESSIVE;
				CLANG_CXX_LANGUAGE_STANDARD = "gnu++14";
				CLANG_CXX_LIBRARY = "libc++";
				CLANG_ENABLE_MODULES = YES;
				CLANG_ENABLE_OBJC_ARC = YES;
				CLANG_WARN_BLOCK_CAPTURE_AUTORELEASING = YES;
				CLANG_WARN_BOOL_CONVERSION = YES;
				CLANG_WARN_COMMA = YES;
				CLANG_WARN_CONSTANT_CONVERSION = YES;
				CLANG_WARN_DIRECT_OBJC_ISA_USAGE = YES_ERROR;
				CLANG_WARN_DOCUMENTATION_COMMENTS = YES;
				CLANG_WARN_EMPTY_BODY = YES;
				CLANG_WARN_ENUM_CONVERSION = YES;
				CLANG_WARN_INFINITE_RECURSION = YES;
				CLANG_WARN_INT_CONVERSION = YES;
				CLANG_WARN_NON_LITERAL_NULL_CONVERSION = YES;
				CLANG_WARN_OBJC_LITERAL_CONVERSION = YES;
				CLANG_WARN_OBJC_ROOT_CLASS = YES_ERROR;
				CLANG_WARN_RANGE_LOOP_ANALYSIS = YES;
				CLANG_WARN_STRICT_PROTOTYPES = YES;
				CLANG_WARN_SUSPICIOUS_MOVE = YES;
				CLANG_WARN_UNGUARDED_AVAILABILITY = YES_AGGRESSIVE;
				CLANG_WARN_UNREACHABLE_CODE = YES;
				CLANG_WARN__DUPLICATE_METHOD_MATCH = YES;
				CODE_SIGN_IDENTITY = "iPhone Developer";
				COPY_PHASE_STRIP = NO;
				DEBUG_INFORMATION_FORMAT = "dwarf-with-dsym";
				ENABLE_NS_ASSERTIONS = NO;
				ENABLE_STRICT_OBJC_MSGSEND = YES;
				GCC_C_LANGUAGE_STANDARD = gnu11;
				GCC_NO_COMMON_BLOCKS = YES;
				GCC_WARN_64_TO_32_BIT_CONVERSION = YES;
				GCC_WARN_ABOUT_RETURN_TYPE = YES_ERROR;
				GCC_WARN_UNDECLARED_SELECTOR = YES;
				GCC_WARN_UNINITIALIZED_AUTOS = YES_AGGRESSIVE;
				GCC_WARN_UNUSED_FUNCTION = YES;
				GCC_WARN_UNUSED_VARIABLE = YES;
				IPHONEOS_DEPLOYMENT_TARGET = 11.2;
				MTL_ENABLE_DEBUG_INFO = NO;
				SDKROOT = iphoneos;
				VALIDATE_PRODUCT = YES;
			};
			name = Release;
		};
		9B1F45F1202C710200BAF877 /* Debug */ = {
			isa = XCBuildConfiguration;
			buildSettings = {
				ASSETCATALOG_COMPILER_APPICON_NAME = AppIcon;
				ASSETCATALOG_COMPILER_LAUNCHIMAGE_NAME = LaunchImage;
				CODE_SIGN_STYLE = Automatic;
				DEVELOPMENT_TEAM = 8495T2WQ8B;
				INFOPLIST_FILE = "OpenGL ES/Info.plist";
				IPHONEOS_DEPLOYMENT_TARGET = 8.0;
				LD_RUNPATH_SEARCH_PATHS = "$(inherited) @executable_path/Frameworks";
				PRODUCT_BUNDLE_IDENTIFIER = "edu.tutorial.opengles.OpenGL-ES";
				PRODUCT_NAME = "$(TARGET_NAME)";
				TARGETED_DEVICE_FAMILY = "1,2";
			};
			name = Debug;
		};
		9B1F45F2202C710200BAF877 /* Release */ = {
			isa = XCBuildConfiguration;
			buildSettings = {
				ASSETCATALOG_COMPILER_APPICON_NAME = AppIcon;
				ASSETCATALOG_COMPILER_LAUNCHIMAGE_NAME = LaunchImage;
				CODE_SIGN_STYLE = Automatic;
				DEVELOPMENT_TEAM = 8495T2WQ8B;
				INFOPLIST_FILE = "OpenGL ES/Info.plist";
				IPHONEOS_DEPLOYMENT_TARGET = 8.0;
				LD_RUNPATH_SEARCH_PATHS = "$(inherited) @executable_path/Frameworks";
				PRODUCT_BUNDLE_IDENTIFIER = "edu.tutorial.opengles.OpenGL-ES";
				PRODUCT_NAME = "$(TARGET_NAME)";
				TARGETED_DEVICE_FAMILY = "1,2";
			};
			name = Release;
		};
/* End XCBuildConfiguration section */

/* Begin XCConfigurationList section */
		9B1F45D5202C710200BAF877 /* Build configuration list for PBXProject "OpenGL ES" */ = {
			isa = XCConfigurationList;
			buildConfigurations = (
				9B1F45EE202C710200BAF877 /* Debug */,
				9B1F45EF202C710200BAF877 /* Release */,
			);
			defaultConfigurationIsVisible = 0;
			defaultConfigurationName = Release;
		};
		9B1F45F0202C710200BAF877 /* Build configuration list for PBXNativeTarget "OpenGL ES" */ = {
			isa = XCConfigurationList;
			buildConfigurations = (
				9B1F45F1202C710200BAF877 /* Debug */,
				9B1F45F2202C710200BAF877 /* Release */,
			);
			defaultConfigurationIsVisible = 0;
			defaultConfigurationName = Release;
		};
/* End XCConfigurationList section */
	};
	rootObject = 9B1F45D2202C710200BAF877 /* Project object */;
}
